
Microsoft Visual Studio Solution File, Format Version 12.00
# Visual Studio 14
VisualStudioVersion = 14.0.25420.1
MinimumVisualStudioVersion = 10.0.40219.1
Project("{2150E333-8FDC-42A3-9474-1A3956D46DE8}") = "Business", "Business", "{61520DCC-F583-49CE-8194-09F41E05977C}"
EndProject
Project("{2150E333-8FDC-42A3-9474-1A3956D46DE8}") = "DataLayer", "DataLayer", "{D212576F-5531-4EF4-BAE6-A4AC38D83C6F}"
EndProject
Project("{FAE04EC0-301F-11D3-BF4B-00C04F79EFBC}") = "TimeSpent.Data", "TimeSpent.Data\TimeSpent.Data\TimeSpent.Data.csproj", "{1A3199A9-2287-4687-AEAF-1750550992D1}"
EndProject
Project("{2150E333-8FDC-42A3-9474-1A3956D46DE8}") = "Clinet", "Clinet", "{1E2CDCDA-5C8F-44FE-9D93-A1AADB7782B2}"
EndProject
Project("{2150E333-8FDC-42A3-9474-1A3956D46DE8}") = "Core", "Core", "{3E5E2A01-FD27-4CC0-B5BC-8D8D2CF62C88}"
EndProject
Project("{FAE04EC0-301F-11D3-BF4B-00C04F79EFBC}") = "TimeSpent.Core", "TimeSpent.Core\TimeSpent.Core.csproj", "{559D568E-4E6A-4DCC-BC50-38331B719764}"
EndProject
Project("{2150E333-8FDC-42A3-9474-1A3956D46DE8}") = "Tests", "Tests", "{8561A06F-4332-476E-BBF3-BABC55A001FC}"
EndProject
Project("{FAE04EC0-301F-11D3-BF4B-00C04F79EFBC}") = "Core.Test", "TestProject\Core.Test.csproj", "{26DBF296-D5AB-4116-90BA-987ED88FF5C8}"
EndProject
Project("{FAE04EC0-301F-11D3-BF4B-00C04F79EFBC}") = "TimeSpent.Business.Contracts", "TimeSpent.Business.Contracts\TimeSpent.Business.Contracts.csproj", "{B4661732-1290-4A16-83A8-37C3F266453F}"
EndProject
Project("{FAE04EC0-301F-11D3-BF4B-00C04F79EFBC}") = "TimeSpent.Data.Contracts", "TimeSpent.Data.Contracts\TimeSpent.Data.Contracts.csproj", "{621A07F8-7430-400D-8788-B3865A4A36D1}"
EndProject
Project("{FAE04EC0-301F-11D3-BF4B-00C04F79EFBC}") = "TimeSpent.Business.Bootstrapper", "TimeSpent.Business.Bootstrapper\TimeSpent.Business.Bootstrapper.csproj", "{8BAC0920-BB85-42FD-9CC2-90074E5FBAEE}"
EndProject
Project("{FAE04EC0-301F-11D3-BF4B-00C04F79EFBC}") = "TimeSpent.Business.Managers", "TimeSpent.Business.Managers\TimeSpent.Business.Managers.csproj", "{F846A999-A742-48D8-BA34-676B21157B65}"
EndProject
Project("{FAE04EC0-301F-11D3-BF4B-00C04F79EFBC}") = "TimeSpent.Business", "TimeSpent.Business\TimeSpent.Business.csproj", "{17ACDCD9-B263-4328-AE6E-D86F34404EAB}"
EndProject
Project("{FAE04EC0-301F-11D3-BF4B-00C04F79EFBC}") = "TimeSpent.Business.Common", "TimeSpent.Business.Common\TimeSpent.Business.Common.csproj", "{6D00B9C0-1E4F-44AD-A2B8-6AC469529063}"
EndProject
Project("{2150E333-8FDC-42A3-9474-1A3956D46DE8}") = "Common", "Common", "{2F473CBE-F365-40C5-B938-1D61CCA4F89A}"
EndProject
Project("{FAE04EC0-301F-11D3-BF4B-00C04F79EFBC}") = "TimeSpent.Common", "TimeSpent.Common\TimeSpent.Common.csproj", "{9D821B31-00D4-47E7-9C67-A62129FEBE84}"
EndProject
Project("{2150E333-8FDC-42A3-9474-1A3956D46DE8}") = "Hosting", "Hosting", "{08DB849F-7708-45C0-9A61-0C3D97E1B05E}"
EndProject
Project("{FAE04EC0-301F-11D3-BF4B-00C04F79EFBC}") = "TimeSpent.ServiceHost.Console", "TimeSpent.ServiceHost.Console\TimeSpent.ServiceHost.Console.csproj", "{79D65DB3-FC0B-47A8-981F-7515373EB1A9}"
EndProject
Project("{FAE04EC0-301F-11D3-BF4B-00C04F79EFBC}") = "TimeSpent.ServiceHost.Tests", "TimeSpent.ServiceHost.Tests\TimeSpent.ServiceHost.Tests.csproj", "{C0735BAC-01C6-441A-8768-BFD62E90B5DE}"
EndProject
Project("{FAE04EC0-301F-11D3-BF4B-00C04F79EFBC}") = "TimeSpent.Client.Contracts", "TimeSpent.Client.Contracts\TimeSpent.Client.Contracts.csproj", "{5005D508-E1F9-4DD5-A7AF-C5CAE6B7C989}"
EndProject
Project("{FAE04EC0-301F-11D3-BF4B-00C04F79EFBC}") = "TimeSpent.Client.Proxies", "TimeSpent.Client.Proxies\TimeSpent.Client.Proxies.csproj", "{CF59471A-C7CF-4B6A-88B5-5EE8C04DA234}"
EndProject
Project("{FAE04EC0-301F-11D3-BF4B-00C04F79EFBC}") = "TimeSpent.Client.Bootstrapper", "TimeSpent.Client.Bootstrapper\TimeSpent.Client.Bootstrapper.csproj", "{DB0EC79B-2218-4CC0-9B9C-CADB50EC9B77}"
EndProject
Project("{2150E333-8FDC-42A3-9474-1A3956D46DE8}") = "WebSite", "WebSite", "{E9B07C4D-4A99-4C9A-9EFA-5593ADE57A16}"
EndProject
Project("{FAE04EC0-301F-11D3-BF4B-00C04F79EFBC}") = "TimeSpent.Web", "TimeSpent.Web\TimeSpent.Web.csproj", "{0A4588F5-7A5F-4CF0-ADA3-8B861F612E2A}"
EndProject
Project("{FAE04EC0-301F-11D3-BF4B-00C04F79EFBC}") = "TimeSpent.Web.Tests", "TimeSpent.Web.Tests\TimeSpent.Web.Tests.csproj", "{196BC4E9-B736-4415-8A15-74309BDFB028}"
EndProject
Project("{FAE04EC0-301F-11D3-BF4B-00C04F79EFBC}") = "TimeSpent.Client.Entities", "TimeSpent.Client.Entities\TimeSpent.Client.Entities.csproj", "{8A502D3F-115C-4303-86BE-A120B99044FF}"
EndProject
Project("{FAE04EC0-301F-11D3-BF4B-00C04F79EFBC}") = "TimeSpent.Client.Tests", "TimeSpent.Client.Tests\TimeSpent.Client.Tests.csproj", "{2E8BD5A4-0E93-4297-B652-C087FDA357CD}"
EndProject
Project("{FAE04EC0-301F-11D3-BF4B-00C04F79EFBC}") = "TimeSpent.Business.Entities", "TimeSpent.Business.Entities\TimeSpent.Business.Entities.csproj", "{FA310337-AE0E-44B3-A6C0-CA9C3B3411A2}"
EndProject
Project("{FAE04EC0-301F-11D3-BF4B-00C04F79EFBC}") = "TimeSpent.DataLayer.Test", "TimeSpent.DataLayer.Test\TimeSpent.DataLayer.Test.csproj", "{853B4B81-4614-44F1-8C9E-57CF11ABA0AF}"
EndProject
Global
	GlobalSection(SolutionConfigurationPlatforms) = preSolution
		Debug|Any CPU = Debug|Any CPU
		Release|Any CPU = Release|Any CPU
	EndGlobalSection
	GlobalSection(ProjectConfigurationPlatforms) = postSolution
		{1A3199A9-2287-4687-AEAF-1750550992D1}.Debug|Any CPU.ActiveCfg = Debug|Any CPU
		{1A3199A9-2287-4687-AEAF-1750550992D1}.Debug|Any CPU.Build.0 = Debug|Any CPU
		{1A3199A9-2287-4687-AEAF-1750550992D1}.Release|Any CPU.ActiveCfg = Release|Any CPU
		{1A3199A9-2287-4687-AEAF-1750550992D1}.Release|Any CPU.Build.0 = Release|Any CPU
		{559D568E-4E6A-4DCC-BC50-38331B719764}.Debug|Any CPU.ActiveCfg = Debug|Any CPU
		{559D568E-4E6A-4DCC-BC50-38331B719764}.Debug|Any CPU.Build.0 = Debug|Any CPU
		{559D568E-4E6A-4DCC-BC50-38331B719764}.Release|Any CPU.ActiveCfg = Release|Any CPU
		{559D568E-4E6A-4DCC-BC50-38331B719764}.Release|Any CPU.Build.0 = Release|Any CPU
		{26DBF296-D5AB-4116-90BA-987ED88FF5C8}.Debug|Any CPU.ActiveCfg = Debug|Any CPU
		{26DBF296-D5AB-4116-90BA-987ED88FF5C8}.Debug|Any CPU.Build.0 = Debug|Any CPU
		{26DBF296-D5AB-4116-90BA-987ED88FF5C8}.Release|Any CPU.ActiveCfg = Release|Any CPU
		{26DBF296-D5AB-4116-90BA-987ED88FF5C8}.Release|Any CPU.Build.0 = Release|Any CPU
		{B4661732-1290-4A16-83A8-37C3F266453F}.Debug|Any CPU.ActiveCfg = Debug|Any CPU
		{B4661732-1290-4A16-83A8-37C3F266453F}.Debug|Any CPU.Build.0 = Debug|Any CPU
		{B4661732-1290-4A16-83A8-37C3F266453F}.Release|Any CPU.ActiveCfg = Release|Any CPU
		{B4661732-1290-4A16-83A8-37C3F266453F}.Release|Any CPU.Build.0 = Release|Any CPU
		{621A07F8-7430-400D-8788-B3865A4A36D1}.Debug|Any CPU.ActiveCfg = Debug|Any CPU
		{621A07F8-7430-400D-8788-B3865A4A36D1}.Debug|Any CPU.Build.0 = Debug|Any CPU
		{621A07F8-7430-400D-8788-B3865A4A36D1}.Release|Any CPU.ActiveCfg = Release|Any CPU
		{621A07F8-7430-400D-8788-B3865A4A36D1}.Release|Any CPU.Build.0 = Release|Any CPU
		{8BAC0920-BB85-42FD-9CC2-90074E5FBAEE}.Debug|Any CPU.ActiveCfg = Debug|Any CPU
		{8BAC0920-BB85-42FD-9CC2-90074E5FBAEE}.Debug|Any CPU.Build.0 = Debug|Any CPU
		{8BAC0920-BB85-42FD-9CC2-90074E5FBAEE}.Release|Any CPU.ActiveCfg = Release|Any CPU
		{8BAC0920-BB85-42FD-9CC2-90074E5FBAEE}.Release|Any CPU.Build.0 = Release|Any CPU
		{F846A999-A742-48D8-BA34-676B21157B65}.Debug|Any CPU.ActiveCfg = Debug|Any CPU
		{F846A999-A742-48D8-BA34-676B21157B65}.Debug|Any CPU.Build.0 = Debug|Any CPU
		{F846A999-A742-48D8-BA34-676B21157B65}.Release|Any CPU.ActiveCfg = Release|Any CPU
		{F846A999-A742-48D8-BA34-676B21157B65}.Release|Any CPU.Build.0 = Release|Any CPU
		{17ACDCD9-B263-4328-AE6E-D86F34404EAB}.Debug|Any CPU.ActiveCfg = Debug|Any CPU
		{17ACDCD9-B263-4328-AE6E-D86F34404EAB}.Debug|Any CPU.Build.0 = Debug|Any CPU
		{17ACDCD9-B263-4328-AE6E-D86F34404EAB}.Release|Any CPU.ActiveCfg = Release|Any CPU
		{17ACDCD9-B263-4328-AE6E-D86F34404EAB}.Release|Any CPU.Build.0 = Release|Any CPU
		{6D00B9C0-1E4F-44AD-A2B8-6AC469529063}.Debug|Any CPU.ActiveCfg = Debug|Any CPU
		{6D00B9C0-1E4F-44AD-A2B8-6AC469529063}.Debug|Any CPU.Build.0 = Debug|Any CPU
		{6D00B9C0-1E4F-44AD-A2B8-6AC469529063}.Release|Any CPU.ActiveCfg = Release|Any CPU
		{6D00B9C0-1E4F-44AD-A2B8-6AC469529063}.Release|Any CPU.Build.0 = Release|Any CPU
		{9D821B31-00D4-47E7-9C67-A62129FEBE84}.Debug|Any CPU.ActiveCfg = Debug|Any CPU
		{9D821B31-00D4-47E7-9C67-A62129FEBE84}.Debug|Any CPU.Build.0 = Debug|Any CPU
		{9D821B31-00D4-47E7-9C67-A62129FEBE84}.Release|Any CPU.ActiveCfg = Release|Any CPU
		{9D821B31-00D4-47E7-9C67-A62129FEBE84}.Release|Any CPU.Build.0 = Release|Any CPU
		{79D65DB3-FC0B-47A8-981F-7515373EB1A9}.Debug|Any CPU.ActiveCfg = Debug|Any CPU
		{79D65DB3-FC0B-47A8-981F-7515373EB1A9}.Debug|Any CPU.Build.0 = Debug|Any CPU
		{79D65DB3-FC0B-47A8-981F-7515373EB1A9}.Release|Any CPU.ActiveCfg = Release|Any CPU
		{79D65DB3-FC0B-47A8-981F-7515373EB1A9}.Release|Any CPU.Build.0 = Release|Any CPU
		{C0735BAC-01C6-441A-8768-BFD62E90B5DE}.Debug|Any CPU.ActiveCfg = Debug|Any CPU
		{C0735BAC-01C6-441A-8768-BFD62E90B5DE}.Debug|Any CPU.Build.0 = Debug|Any CPU
		{C0735BAC-01C6-441A-8768-BFD62E90B5DE}.Release|Any CPU.ActiveCfg = Release|Any CPU
		{C0735BAC-01C6-441A-8768-BFD62E90B5DE}.Release|Any CPU.Build.0 = Release|Any CPU
		{5005D508-E1F9-4DD5-A7AF-C5CAE6B7C989}.Debug|Any CPU.ActiveCfg = Debug|Any CPU
		{5005D508-E1F9-4DD5-A7AF-C5CAE6B7C989}.Debug|Any CPU.Build.0 = Debug|Any CPU
		{5005D508-E1F9-4DD5-A7AF-C5CAE6B7C989}.Release|Any CPU.ActiveCfg = Release|Any CPU
		{5005D508-E1F9-4DD5-A7AF-C5CAE6B7C989}.Release|Any CPU.Build.0 = Release|Any CPU
		{CF59471A-C7CF-4B6A-88B5-5EE8C04DA234}.Debug|Any CPU.ActiveCfg = Debug|Any CPU
		{CF59471A-C7CF-4B6A-88B5-5EE8C04DA234}.Debug|Any CPU.Build.0 = Debug|Any CPU
		{CF59471A-C7CF-4B6A-88B5-5EE8C04DA234}.Release|Any CPU.ActiveCfg = Release|Any CPU
		{CF59471A-C7CF-4B6A-88B5-5EE8C04DA234}.Release|Any CPU.Build.0 = Release|Any CPU
		{DB0EC79B-2218-4CC0-9B9C-CADB50EC9B77}.Debug|Any CPU.ActiveCfg = Debug|Any CPU
		{DB0EC79B-2218-4CC0-9B9C-CADB50EC9B77}.Debug|Any CPU.Build.0 = Debug|Any CPU
		{DB0EC79B-2218-4CC0-9B9C-CADB50EC9B77}.Release|Any CPU.ActiveCfg = Release|Any CPU
		{DB0EC79B-2218-4CC0-9B9C-CADB50EC9B77}.Release|Any CPU.Build.0 = Release|Any CPU
		{0A4588F5-7A5F-4CF0-ADA3-8B861F612E2A}.Debug|Any CPU.ActiveCfg = Debug|Any CPU
		{0A4588F5-7A5F-4CF0-ADA3-8B861F612E2A}.Debug|Any CPU.Build.0 = Debug|Any CPU
		{0A4588F5-7A5F-4CF0-ADA3-8B861F612E2A}.Release|Any CPU.ActiveCfg = Release|Any CPU
		{0A4588F5-7A5F-4CF0-ADA3-8B861F612E2A}.Release|Any CPU.Build.0 = Release|Any CPU
		{196BC4E9-B736-4415-8A15-74309BDFB028}.Debug|Any CPU.ActiveCfg = Debug|Any CPU
		{196BC4E9-B736-4415-8A15-74309BDFB028}.Debug|Any CPU.Build.0 = Debug|Any CPU
		{196BC4E9-B736-4415-8A15-74309BDFB028}.Release|Any CPU.ActiveCfg = Release|Any CPU
		{196BC4E9-B736-4415-8A15-74309BDFB028}.Release|Any CPU.Build.0 = Release|Any CPU
		{8A502D3F-115C-4303-86BE-A120B99044FF}.Debug|Any CPU.ActiveCfg = Debug|Any CPU
		{8A502D3F-115C-4303-86BE-A120B99044FF}.Debug|Any CPU.Build.0 = Debug|Any CPU
		{8A502D3F-115C-4303-86BE-A120B99044FF}.Release|Any CPU.ActiveCfg = Release|Any CPU
		{8A502D3F-115C-4303-86BE-A120B99044FF}.Release|Any CPU.Build.0 = Release|Any CPU
		{2E8BD5A4-0E93-4297-B652-C087FDA357CD}.Debug|Any CPU.ActiveCfg = Debug|Any CPU
		{2E8BD5A4-0E93-4297-B652-C087FDA357CD}.Debug|Any CPU.Build.0 = Debug|Any CPU
		{2E8BD5A4-0E93-4297-B652-C087FDA357CD}.Release|Any CPU.ActiveCfg = Release|Any CPU
		{2E8BD5A4-0E93-4297-B652-C087FDA357CD}.Release|Any CPU.Build.0 = Release|Any CPU
		{FA310337-AE0E-44B3-A6C0-CA9C3B3411A2}.Debug|Any CPU.ActiveCfg = Debug|Any CPU
		{FA310337-AE0E-44B3-A6C0-CA9C3B3411A2}.Debug|Any CPU.Build.0 = Debug|Any CPU
		{FA310337-AE0E-44B3-A6C0-CA9C3B3411A2}.Release|Any CPU.ActiveCfg = Release|Any CPU
		{FA310337-AE0E-44B3-A6C0-CA9C3B3411A2}.Release|Any CPU.Build.0 = Release|Any CPU
		{853B4B81-4614-44F1-8C9E-57CF11ABA0AF}.Debug|Any CPU.ActiveCfg = Debug|Any CPU
		{853B4B81-4614-44F1-8C9E-57CF11ABA0AF}.Debug|Any CPU.Build.0 = Debug|Any CPU
		{853B4B81-4614-44F1-8C9E-57CF11ABA0AF}.Release|Any CPU.ActiveCfg = Release|Any CPU
		{853B4B81-4614-44F1-8C9E-57CF11ABA0AF}.Release|Any CPU.Build.0 = Release|Any CPU
	EndGlobalSection
	GlobalSection(SolutionProperties) = preSolution
		HideSolutionNode = FALSE
	EndGlobalSection
	GlobalSection(NestedProjects) = preSolution
		{1A3199A9-2287-4687-AEAF-1750550992D1} = {D212576F-5531-4EF4-BAE6-A4AC38D83C6F}
		{559D568E-4E6A-4DCC-BC50-38331B719764} = {3E5E2A01-FD27-4CC0-B5BC-8D8D2CF62C88}
		{26DBF296-D5AB-4116-90BA-987ED88FF5C8} = {8561A06F-4332-476E-BBF3-BABC55A001FC}
		{B4661732-1290-4A16-83A8-37C3F266453F} = {61520DCC-F583-49CE-8194-09F41E05977C}
		{621A07F8-7430-400D-8788-B3865A4A36D1} = {D212576F-5531-4EF4-BAE6-A4AC38D83C6F}
		{8BAC0920-BB85-42FD-9CC2-90074E5FBAEE} = {61520DCC-F583-49CE-8194-09F41E05977C}
		{F846A999-A742-48D8-BA34-676B21157B65} = {61520DCC-F583-49CE-8194-09F41E05977C}
		{17ACDCD9-B263-4328-AE6E-D86F34404EAB} = {61520DCC-F583-49CE-8194-09F41E05977C}
		{6D00B9C0-1E4F-44AD-A2B8-6AC469529063} = {61520DCC-F583-49CE-8194-09F41E05977C}
		{9D821B31-00D4-47E7-9C67-A62129FEBE84} = {2F473CBE-F365-40C5-B938-1D61CCA4F89A}
		{79D65DB3-FC0B-47A8-981F-7515373EB1A9} = {08DB849F-7708-45C0-9A61-0C3D97E1B05E}
		{C0735BAC-01C6-441A-8768-BFD62E90B5DE} = {8561A06F-4332-476E-BBF3-BABC55A001FC}
		{5005D508-E1F9-4DD5-A7AF-C5CAE6B7C989} = {1E2CDCDA-5C8F-44FE-9D93-A1AADB7782B2}
		{CF59471A-C7CF-4B6A-88B5-5EE8C04DA234} = {1E2CDCDA-5C8F-44FE-9D93-A1AADB7782B2}
		{DB0EC79B-2218-4CC0-9B9C-CADB50EC9B77} = {1E2CDCDA-5C8F-44FE-9D93-A1AADB7782B2}
		{0A4588F5-7A5F-4CF0-ADA3-8B861F612E2A} = {E9B07C4D-4A99-4C9A-9EFA-5593ADE57A16}
		{196BC4E9-B736-4415-8A15-74309BDFB028} = {8561A06F-4332-476E-BBF3-BABC55A001FC}
		{8A502D3F-115C-4303-86BE-A120B99044FF} = {1E2CDCDA-5C8F-44FE-9D93-A1AADB7782B2}
		{2E8BD5A4-0E93-4297-B652-C087FDA357CD} = {8561A06F-4332-476E-BBF3-BABC55A001FC}
		{FA310337-AE0E-44B3-A6C0-CA9C3B3411A2} = {61520DCC-F583-49CE-8194-09F41E05977C}
		{853B4B81-4614-44F1-8C9E-57CF11ABA0AF} = {8561A06F-4332-476E-BBF3-BABC55A001FC}
	EndGlobalSection
EndGlobal
